
Microsoft Visual Studio Solution File, Format Version 12.00
# Visual Studio Version 16
VisualStudioVersion = 16.0.30011.22
MinimumVisualStudioVersion = 10.0.40219.1
Project("{FAE04EC0-301F-11D3-BF4B-00C04F79EFBC}") = "Einkaufsliste.UWP", "Einkaufsliste\Einkaufsliste.UWP\Einkaufsliste.UWP.csproj", "{073C8383-5890-41AB-B227-E3B89CD4E269}"
EndProject
Project("{FAE04EC0-301F-11D3-BF4B-00C04F79EFBC}") = "Einkaufsliste.Android", "Einkaufsliste\Einkaufsliste.Android\Einkaufsliste.Android.csproj", "{309BF8E8-70F5-46B7-994C-340FADF8ADF7}"
EndProject
Project("{FAE04EC0-301F-11D3-BF4B-00C04F79EFBC}") = "Einkaufsliste.iOS", "Einkaufsliste\Einkaufsliste.iOS\Einkaufsliste.iOS.csproj", "{5C8DE0B3-8571-4130-AE27-BFBFB97B8EDA}"
EndProject
Project("{FAE04EC0-301F-11D3-BF4B-00C04F79EFBC}") = "Einkaufsliste", "Einkaufsliste\Einkaufsliste\Einkaufsliste.csproj", "{0D352643-48A0-4DD8-BEFF-27181B27239E}"
EndProject
Global
	GlobalSection(SolutionConfigurationPlatforms) = preSolution
		Debug|Any CPU = Debug|Any CPU
		Debug|ARM = Debug|ARM
		Debug|iPhone = Debug|iPhone
		Debug|iPhoneSimulator = Debug|iPhoneSimulator
		Debug|x64 = Debug|x64
		Debug|x86 = Debug|x86
		Release|Any CPU = Release|Any CPU
		Release|ARM = Release|ARM
		Release|iPhone = Release|iPhone
		Release|iPhoneSimulator = Release|iPhoneSimulator
		Release|x64 = Release|x64
		Release|x86 = Release|x86
	EndGlobalSection
	GlobalSection(ProjectConfigurationPlatforms) = postSolution
		{073C8383-5890-41AB-B227-E3B89CD4E269}.Debug|Any CPU.ActiveCfg = Debug|x86
		{073C8383-5890-41AB-B227-E3B89CD4E269}.Debug|Any CPU.Build.0 = Debug|x86
		{073C8383-5890-41AB-B227-E3B89CD4E269}.Debug|Any CPU.Deploy.0 = Debug|x86
		{073C8383-5890-41AB-B227-E3B89CD4E269}.Debug|ARM.ActiveCfg = Debug|ARM
		{073C8383-5890-41AB-B227-E3B89CD4E269}.Debug|ARM.Build.0 = Debug|ARM
		{073C8383-5890-41AB-B227-E3B89CD4E269}.Debug|ARM.Deploy.0 = Debug|ARM
		{073C8383-5890-41AB-B227-E3B89CD4E269}.Debug|iPhone.ActiveCfg = Debug|x86
		{073C8383-5890-41AB-B227-E3B89CD4E269}.Debug|iPhone.Build.0 = Debug|x86
		{073C8383-5890-41AB-B227-E3B89CD4E269}.Debug|iPhone.Deploy.0 = Debug|x86
		{073C8383-5890-41AB-B227-E3B89CD4E269}.Debug|iPhoneSimulator.ActiveCfg = Debug|x86
		{073C8383-5890-41AB-B227-E3B89CD4E269}.Debug|iPhoneSimulator.Build.0 = Debug|x86
		{073C8383-5890-41AB-B227-E3B89CD4E269}.Debug|iPhoneSimulator.Deploy.0 = Debug|x86
		{073C8383-5890-41AB-B227-E3B89CD4E269}.Debug|x64.ActiveCfg = Debug|x64
		{073C8383-5890-41AB-B227-E3B89CD4E269}.Debug|x64.Build.0 = Debug|x64
		{073C8383-5890-41AB-B227-E3B89CD4E269}.Debug|x64.Deploy.0 = Debug|x64
		{073C8383-5890-41AB-B227-E3B89CD4E269}.Debug|x86.ActiveCfg = Debug|x86
		{073C8383-5890-41AB-B227-E3B89CD4E269}.Debug|x86.Build.0 = Debug|x86
		{073C8383-5890-41AB-B227-E3B89CD4E269}.Debug|x86.Deploy.0 = Debug|x86
		{073C8383-5890-41AB-B227-E3B89CD4E269}.Release|Any CPU.ActiveCfg = Release|x86
		{073C8383-5890-41AB-B227-E3B89CD4E269}.Release|Any CPU.Build.0 = Release|x86
		{073C8383-5890-41AB-B227-E3B89CD4E269}.Release|Any CPU.Deploy.0 = Release|x86
		{073C8383-5890-41AB-B227-E3B89CD4E269}.Release|ARM.ActiveCfg = Release|ARM
		{073C8383-5890-41AB-B227-E3B89CD4E269}.Release|ARM.Build.0 = Release|ARM
		{073C8383-5890-41AB-B227-E3B89CD4E269}.Release|ARM.Deploy.0 = Release|ARM
		{073C8383-5890-41AB-B227-E3B89CD4E269}.Release|iPhone.ActiveCfg = Release|x86
		{073C8383-5890-41AB-B227-E3B89CD4E269}.Release|iPhone.Build.0 = Release|x86
		{073C8383-5890-41AB-B227-E3B89CD4E269}.Release|iPhone.Deploy.0 = Release|x86
		{073C8383-5890-41AB-B227-E3B89CD4E269}.Release|iPhoneSimulator.ActiveCfg = Release|x86
		{073C8383-5890-41AB-B227-E3B89CD4E269}.Release|iPhoneSimulator.Build.0 = Release|x86
		{073C8383-5890-41AB-B227-E3B89CD4E269}.Release|iPhoneSimulator.Deploy.0 = Release|x86
		{073C8383-5890-41AB-B227-E3B89CD4E269}.Release|x64.ActiveCfg = Release|x64
		{073C8383-5890-41AB-B227-E3B89CD4E269}.Release|x64.Build.0 = Release|x64
		{073C8383-5890-41AB-B227-E3B89CD4E269}.Release|x64.Deploy.0 = Release|x64
		{073C8383-5890-41AB-B227-E3B89CD4E269}.Release|x86.ActiveCfg = Release|x86
		{073C8383-5890-41AB-B227-E3B89CD4E269}.Release|x86.Build.0 = Release|x86
		{073C8383-5890-41AB-B227-E3B89CD4E269}.Release|x86.Deploy.0 = Release|x86
		{309BF8E8-70F5-46B7-994C-340FADF8ADF7}.Debug|Any CPU.ActiveCfg = Debug|Any CPU
		{309BF8E8-70F5-46B7-994C-340FADF8ADF7}.Debug|Any CPU.Build.0 = Debug|Any CPU
		{309BF8E8-70F5-46B7-994C-340FADF8ADF7}.Debug|Any CPU.Deploy.0 = Debug|Any CPU
		{309BF8E8-70F5-46B7-994C-340FADF8ADF7}.Debug|ARM.ActiveCfg = Debug|Any CPU
		{309BF8E8-70F5-46B7-994C-340FADF8ADF7}.Debug|ARM.Build.0 = Debug|Any CPU
		{309BF8E8-70F5-46B7-994C-340FADF8ADF7}.Debug|ARM.Deploy.0 = Debug|Any CPU
		{309BF8E8-70F5-46B7-994C-340FADF8ADF7}.Debug|iPhone.ActiveCfg = Debug|Any CPU
		{309BF8E8-70F5-46B7-994C-340FADF8ADF7}.Debug|iPhone.Build.0 = Debug|Any CPU
		{309BF8E8-70F5-46B7-994C-340FADF8ADF7}.Debug|iPhone.Deploy.0 = Debug|Any CPU
		{309BF8E8-70F5-46B7-994C-340FADF8ADF7}.Debug|iPhoneSimulator.ActiveCfg = Debug|Any CPU
		{309BF8E8-70F5-46B7-994C-340FADF8ADF7}.Debug|iPhoneSimulator.Build.0 = Debug|Any CPU
		{309BF8E8-70F5-46B7-994C-340FADF8ADF7}.Debug|iPhoneSimulator.Deploy.0 = Debug|Any CPU
		{309BF8E8-70F5-46B7-994C-340FADF8ADF7}.Debug|x64.ActiveCfg = Debug|Any CPU
		{309BF8E8-70F5-46B7-994C-340FADF8ADF7}.Debug|x64.Build.0 = Debug|Any CPU
		{309BF8E8-70F5-46B7-994C-340FADF8ADF7}.Debug|x64.Deploy.0 = Debug|Any CPU
		{309BF8E8-70F5-46B7-994C-340FADF8ADF7}.Debug|x86.ActiveCfg = Debug|Any CPU
		{309BF8E8-70F5-46B7-994C-340FADF8ADF7}.Debug|x86.Build.0 = Debug|Any CPU
		{309BF8E8-70F5-46B7-994C-340FADF8ADF7}.Debug|x86.Deploy.0 = Debug|Any CPU
		{309BF8E8-70F5-46B7-994C-340FADF8ADF7}.Release|Any CPU.ActiveCfg = Release|Any CPU
		{309BF8E8-70F5-46B7-994C-340FADF8ADF7}.Release|Any CPU.Build.0 = Release|Any CPU
		{309BF8E8-70F5-46B7-994C-340FADF8ADF7}.Release|Any CPU.Deploy.0 = Release|Any CPU
		{309BF8E8-70F5-46B7-994C-340FADF8ADF7}.Release|ARM.ActiveCfg = Release|Any CPU
		{309BF8E8-70F5-46B7-994C-340FADF8ADF7}.Release|ARM.Build.0 = Release|Any CPU
		{309BF8E8-70F5-46B7-994C-340FADF8ADF7}.Release|ARM.Deploy.0 = Release|Any CPU
		{309BF8E8-70F5-46B7-994C-340FADF8ADF7}.Release|iPhone.ActiveCfg = Release|Any CPU
		{309BF8E8-70F5-46B7-994C-340FADF8ADF7}.Release|iPhone.Build.0 = Release|Any CPU
		{309BF8E8-70F5-46B7-994C-340FADF8ADF7}.Release|iPhone.Deploy.0 = Release|Any CPU
		{309BF8E8-70F5-46B7-994C-340FADF8ADF7}.Release|iPhoneSimulator.ActiveCfg = Release|Any CPU
		{309BF8E8-70F5-46B7-994C-340FADF8ADF7}.Release|iPhoneSimulator.Build.0 = Release|Any CPU
		{309BF8E8-70F5-46B7-994C-340FADF8ADF7}.Release|iPhoneSimulator.Deploy.0 = Release|Any CPU
		{309BF8E8-70F5-46B7-994C-340FADF8ADF7}.Release|x64.ActiveCfg = Release|Any CPU
		{309BF8E8-70F5-46B7-994C-340FADF8ADF7}.Release|x64.Build.0 = Release|Any CPU
		{309BF8E8-70F5-46B7-994C-340FADF8ADF7}.Release|x64.Deploy.0 = Release|Any CPU
		{309BF8E8-70F5-46B7-994C-340FADF8ADF7}.Release|x86.ActiveCfg = Release|Any CPU
		{309BF8E8-70F5-46B7-994C-340FADF8ADF7}.Release|x86.Build.0 = Release|Any CPU
		{309BF8E8-70F5-46B7-994C-340FADF8ADF7}.Release|x86.Deploy.0 = Release|Any CPU
		{5C8DE0B3-8571-4130-AE27-BFBFB97B8EDA}.Debug|Any CPU.ActiveCfg = Debug|iPhone
		{5C8DE0B3-8571-4130-AE27-BFBFB97B8EDA}.Debug|Any CPU.Build.0 = Debug|iPhone
		{5C8DE0B3-8571-4130-AE27-BFBFB97B8EDA}.Debug|Any CPU.Deploy.0 = Debug|iPhone
		{5C8DE0B3-8571-4130-AE27-BFBFB97B8EDA}.Debug|ARM.ActiveCfg = Debug|iPhone
		{5C8DE0B3-8571-4130-AE27-BFBFB97B8EDA}.Debug|ARM.Build.0 = Debug|iPhone
		{5C8DE0B3-8571-4130-AE27-BFBFB97B8EDA}.Debug|ARM.Deploy.0 = Debug|iPhone
		{5C8DE0B3-8571-4130-AE27-BFBFB97B8EDA}.Debug|iPhone.ActiveCfg = Debug|iPhone
		{5C8DE0B3-8571-4130-AE27-BFBFB97B8EDA}.Debug|iPhone.Build.0 = Debug|iPhone
		{5C8DE0B3-8571-4130-AE27-BFBFB97B8EDA}.Debug|iPhone.Deploy.0 = Debug|iPhone
		{5C8DE0B3-8571-4130-AE27-BFBFB97B8EDA}.Debug|iPhoneSimulator.ActiveCfg = Debug|iPhoneSimulator
		{5C8DE0B3-8571-4130-AE27-BFBFB97B8EDA}.Debug|iPhoneSimulator.Build.0 = Debug|iPhoneSimulator
		{5C8DE0B3-8571-4130-AE27-BFBFB97B8EDA}.Debug|iPhoneSimulator.Deploy.0 = Debug|iPhoneSimulator
		{5C8DE0B3-8571-4130-AE27-BFBFB97B8EDA}.Debug|x64.ActiveCfg = Debug|iPhone
		{5C8DE0B3-8571-4130-AE27-BFBFB97B8EDA}.Debug|x64.Build.0 = Debug|iPhone
		{5C8DE0B3-8571-4130-AE27-BFBFB97B8EDA}.Debug|x64.Deploy.0 = Debug|iPhone
		{5C8DE0B3-8571-4130-AE27-BFBFB97B8EDA}.Debug|x86.ActiveCfg = Debug|iPhone
		{5C8DE0B3-8571-4130-AE27-BFBFB97B8EDA}.Debug|x86.Build.0 = Debug|iPhone
		{5C8DE0B3-8571-4130-AE27-BFBFB97B8EDA}.Debug|x86.Deploy.0 = Debug|iPhone
		{5C8DE0B3-8571-4130-AE27-BFBFB97B8EDA}.Release|Any CPU.ActiveCfg = Release|iPhone
		{5C8DE0B3-8571-4130-AE27-BFBFB97B8EDA}.Release|Any CPU.Build.0 = Release|iPhone
		{5C8DE0B3-8571-4130-AE27-BFBFB97B8EDA}.Release|Any CPU.Deploy.0 = Release|iPhone
		{5C8DE0B3-8571-4130-AE27-BFBFB97B8EDA}.Release|ARM.ActiveCfg = Release|iPhone
		{5C8DE0B3-8571-4130-AE27-BFBFB97B8EDA}.Release|ARM.Build.0 = Release|iPhone
		{5C8DE0B3-8571-4130-AE27-BFBFB97B8EDA}.Release|ARM.Deploy.0 = Release|iPhone
		{5C8DE0B3-8571-4130-AE27-BFBFB97B8EDA}.Release|iPhone.ActiveCfg = Release|iPhone
		{5C8DE0B3-8571-4130-AE27-BFBFB97B8EDA}.Release|iPhone.Build.0 = Release|iPhone
		{5C8DE0B3-8571-4130-AE27-BFBFB97B8EDA}.Release|iPhone.Deploy.0 = Release|iPhone
		{5C8DE0B3-8571-4130-AE27-BFBFB97B8EDA}.Release|iPhoneSimulator.ActiveCfg = Release|iPhoneSimulator
		{5C8DE0B3-8571-4130-AE27-BFBFB97B8EDA}.Release|iPhoneSimulator.Build.0 = Release|iPhoneSimulator
		{5C8DE0B3-8571-4130-AE27-BFBFB97B8EDA}.Release|iPhoneSimulator.Deploy.0 = Release|iPhoneSimulator
		{5C8DE0B3-8571-4130-AE27-BFBFB97B8EDA}.Release|x64.ActiveCfg = Release|iPhone
		{5C8DE0B3-8571-4130-AE27-BFBFB97B8EDA}.Release|x64.Build.0 = Release|iPhone
		{5C8DE0B3-8571-4130-AE27-BFBFB97B8EDA}.Release|x64.Deploy.0 = Release|iPhone
		{5C8DE0B3-8571-4130-AE27-BFBFB97B8EDA}.Release|x86.ActiveCfg = Release|iPhone
		{5C8DE0B3-8571-4130-AE27-BFBFB97B8EDA}.Release|x86.Build.0 = Release|iPhone
		{5C8DE0B3-8571-4130-AE27-BFBFB97B8EDA}.Release|x86.Deploy.0 = Release|iPhone
		{0D352643-48A0-4DD8-BEFF-27181B27239E}.Debug|Any CPU.ActiveCfg = Debug|Any CPU
		{0D352643-48A0-4DD8-BEFF-27181B27239E}.Debug|Any CPU.Build.0 = Debug|Any CPU
		{0D352643-48A0-4DD8-BEFF-27181B27239E}.Debug|Any CPU.Deploy.0 = Debug|Any CPU
		{0D352643-48A0-4DD8-BEFF-27181B27239E}.Debug|ARM.ActiveCfg = Debug|Any CPU
		{0D352643-48A0-4DD8-BEFF-27181B27239E}.Debug|ARM.Build.0 = Debug|Any CPU
		{0D352643-48A0-4DD8-BEFF-27181B27239E}.Debug|ARM.Deploy.0 = Debug|Any CPU
		{0D352643-48A0-4DD8-BEFF-27181B27239E}.Debug|iPhone.ActiveCfg = Debug|Any CPU
		{0D352643-48A0-4DD8-BEFF-27181B27239E}.Debug|iPhone.Build.0 = Debug|Any CPU
		{0D352643-48A0-4DD8-BEFF-27181B27239E}.Debug|iPhone.Deploy.0 = Debug|Any CPU
		{0D352643-48A0-4DD8-BEFF-27181B27239E}.Debug|iPhoneSimulator.ActiveCfg = Debug|Any CPU
		{0D352643-48A0-4DD8-BEFF-27181B27239E}.Debug|iPhoneSimulator.Build.0 = Debug|Any CPU
		{0D352643-48A0-4DD8-BEFF-27181B27239E}.Debug|iPhoneSimulator.Deploy.0 = Debug|Any CPU
		{0D352643-48A0-4DD8-BEFF-27181B27239E}.Debug|x64.ActiveCfg = Debug|Any CPU
		{0D352643-48A0-4DD8-BEFF-27181B27239E}.Debug|x64.Build.0 = Debug|Any CPU
		{0D352643-48A0-4DD8-BEFF-27181B27239E}.Debug|x64.Deploy.0 = Debug|Any CPU
		{0D352643-48A0-4DD8-BEFF-27181B27239E}.Debug|x86.ActiveCfg = Debug|Any CPU
		{0D352643-48A0-4DD8-BEFF-27181B27239E}.Debug|x86.Build.0 = Debug|Any CPU
		{0D352643-48A0-4DD8-BEFF-27181B27239E}.Debug|x86.Deploy.0 = Debug|Any CPU
		{0D352643-48A0-4DD8-BEFF-27181B27239E}.Release|Any CPU.ActiveCfg = Release|Any CPU
		{0D352643-48A0-4DD8-BEFF-27181B27239E}.Release|Any CPU.Build.0 = Release|Any CPU
		{0D352643-48A0-4DD8-BEFF-27181B27239E}.Release|Any CPU.Deploy.0 = Release|Any CPU
		{0D352643-48A0-4DD8-BEFF-27181B27239E}.Release|ARM.ActiveCfg = Release|Any CPU
		{0D352643-48A0-4DD8-BEFF-27181B27239E}.Release|ARM.Build.0 = Release|Any CPU
		{0D352643-48A0-4DD8-BEFF-27181B27239E}.Release|ARM.Deploy.0 = Release|Any CPU
		{0D352643-48A0-4DD8-BEFF-27181B27239E}.Release|iPhone.ActiveCfg = Release|Any CPU
		{0D352643-48A0-4DD8-BEFF-27181B27239E}.Release|iPhone.Build.0 = Release|Any CPU
		{0D352643-48A0-4DD8-BEFF-27181B27239E}.Release|iPhone.Deploy.0 = Release|Any CPU
		{0D352643-48A0-4DD8-BEFF-27181B27239E}.Release|iPhoneSimulator.ActiveCfg = Release|Any CPU
		{0D352643-48A0-4DD8-BEFF-27181B27239E}.Release|iPhoneSimulator.Build.0 = Release|Any CPU
		{0D352643-48A0-4DD8-BEFF-27181B27239E}.Release|iPhoneSimulator.Deploy.0 = Release|Any CPU
		{0D352643-48A0-4DD8-BEFF-27181B27239E}.Release|x64.ActiveCfg = Release|Any CPU
		{0D352643-48A0-4DD8-BEFF-27181B27239E}.Release|x64.Build.0 = Release|Any CPU
		{0D352643-48A0-4DD8-BEFF-27181B27239E}.Release|x64.Deploy.0 = Release|Any CPU
		{0D352643-48A0-4DD8-BEFF-27181B27239E}.Release|x86.ActiveCfg = Release|Any CPU
		{0D352643-48A0-4DD8-BEFF-27181B27239E}.Release|x86.Build.0 = Release|Any CPU
		{0D352643-48A0-4DD8-BEFF-27181B27239E}.Release|x86.Deploy.0 = Release|Any CPU
	EndGlobalSection
	GlobalSection(SolutionProperties) = preSolution
		HideSolutionNode = FALSE
	EndGlobalSection
	GlobalSection(ExtensibilityGlobals) = postSolution
		SolutionGuid = {DE200F33-7F22-47EB-ACEC-BA0E605833F5}
	EndGlobalSection
EndGlobal
